// !$*UTF8*$!
{
	archiveVersion = 1;
	classes = {
	};
	objectVersion = 46;
	objects = {

/* Begin PBXBuildFile section */
		12E22FDF19CB786400ECC035 /* Foundation.framework in Frameworks */ = {isa = PBXBuildFile; fileRef = 12E22FDE19CB786400ECC035 /* Foundation.framework */; };
		12E22FE119CB786400ECC035 /* CoreGraphics.framework in Frameworks */ = {isa = PBXBuildFile; fileRef = 12E22FE019CB786400ECC035 /* CoreGraphics.framework */; };
		12E22FE319CB786400ECC035 /* UIKit.framework in Frameworks */ = {isa = PBXBuildFile; fileRef = 12E22FE219CB786400ECC035 /* UIKit.framework */; };
		12E22FE919CB786400ECC035 /* InfoPlist.strings in Resources */ = {isa = PBXBuildFile; fileRef = 12E22FE719CB786400ECC035 /* InfoPlist.strings */; };
		12E22FEB19CB786400ECC035 /* main.m in Sources */ = {isa = PBXBuildFile; fileRef = 12E22FEA19CB786400ECC035 /* main.m */; };
		12E22FEF19CB786400ECC035 /* NHDWAppDelegate.m in Sources */ = {isa = PBXBuildFile; fileRef = 12E22FEE19CB786400ECC035 /* NHDWAppDelegate.m */; };
		12E22FF219CB786400ECC035 /* Main_iPhone.storyboard in Resources */ = {isa = PBXBuildFile; fileRef = 12E22FF019CB786400ECC035 /* Main_iPhone.storyboard */; };
		12E22FF519CB786400ECC035 /* Main_iPad.storyboard in Resources */ = {isa = PBXBuildFile; fileRef = 12E22FF319CB786400ECC035 /* Main_iPad.storyboard */; };
		12E22FF819CB786400ECC035 /* NHDWViewController.m in Sources */ = {isa = PBXBuildFile; fileRef = 12E22FF719CB786400ECC035 /* NHDWViewController.m */; };
		12E22FFA19CB786400ECC035 /* Images.xcassets in Resources */ = {isa = PBXBuildFile; fileRef = 12E22FF919CB786400ECC035 /* Images.xcassets */; };
		12E2300119CB786400ECC035 /* XCTest.framework in Frameworks */ = {isa = PBXBuildFile; fileRef = 12E2300019CB786400ECC035 /* XCTest.framework */; };
		12E2300219CB786400ECC035 /* Foundation.framework in Frameworks */ = {isa = PBXBuildFile; fileRef = 12E22FDE19CB786400ECC035 /* Foundation.framework */; };
		12E2300319CB786500ECC035 /* UIKit.framework in Frameworks */ = {isa = PBXBuildFile; fileRef = 12E22FE219CB786400ECC035 /* UIKit.framework */; };
		12E2300B19CB786500ECC035 /* InfoPlist.strings in Resources */ = {isa = PBXBuildFile; fileRef = 12E2300919CB786500ECC035 /* InfoPlist.strings */; };
		12E2300D19CB786500ECC035 /* Git_TestTests.m in Sources */ = {isa = PBXBuildFile; fileRef = 12E2300C19CB786500ECC035 /* Git_TestTests.m */; };
		12E2301B19CB8C9B00ECC035 /* NHDWTest.m in Sources */ = {isa = PBXBuildFile; fileRef = 12E2301A19CB8C9B00ECC035 /* NHDWTest.m */; };
/* End PBXBuildFile section */

/* Begin PBXContainerItemProxy section */
		12E2300419CB786500ECC035 /* PBXContainerItemProxy */ = {
			isa = PBXContainerItemProxy;
			containerPortal = 12E22FD319CB786400ECC035 /* Project object */;
			proxyType = 1;
			remoteGlobalIDString = 12E22FDA19CB786400ECC035;
			remoteInfo = "Git Test";
		};
/* End PBXContainerItemProxy section */

/* Begin PBXFileReference section */
		12E22FDB19CB786400ECC035 /* Git Test.app */ = {isa = PBXFileReference; explicitFileType = wrapper.application; includeInIndex = 0; path = "Git Test.app"; sourceTree = BUILT_PRODUCTS_DIR; };
		12E22FDE19CB786400ECC035 /* Foundation.framework */ = {isa = PBXFileReference; lastKnownFileType = wrapper.framework; name = Foundation.framework; path = System/Library/Frameworks/Foundation.framework; sourceTree = SDKROOT; };
		12E22FE019CB786400ECC035 /* CoreGraphics.framework */ = {isa = PBXFileReference; lastKnownFileType = wrapper.framework; name = CoreGraphics.framework; path = System/Library/Frameworks/CoreGraphics.framework; sourceTree = SDKROOT; };
		12E22FE219CB786400ECC035 /* UIKit.framework */ = {isa = PBXFileReference; lastKnownFileType = wrapper.framework; name = UIKit.framework; path = System/Library/Frameworks/UIKit.framework; sourceTree = SDKROOT; };
		12E22FE619CB786400ECC035 /* Git Test-Info.plist */ = {isa = PBXFileReference; lastKnownFileType = text.plist.xml; path = "Git Test-Info.plist"; sourceTree = "<group>"; };
		12E22FE819CB786400ECC035 /* en */ = {isa = PBXFileReference; lastKnownFileType = text.plist.strings; name = en; path = en.lproj/InfoPlist.strings; sourceTree = "<group>"; };
		12E22FEA19CB786400ECC035 /* main.m */ = {isa = PBXFileReference; lastKnownFileType = sourcecode.c.objc; path = main.m; sourceTree = "<group>"; };
		12E22FEC19CB786400ECC035 /* Git Test-Prefix.pch */ = {isa = PBXFileReference; lastKnownFileType = sourcecode.c.h; path = "Git Test-Prefix.pch"; sourceTree = "<group>"; };
		12E22FED19CB786400ECC035 /* NHDWAppDelegate.h */ = {isa = PBXFileReference; lastKnownFileType = sourcecode.c.h; path = NHDWAppDelegate.h; sourceTree = "<group>"; };
		12E22FEE19CB786400ECC035 /* NHDWAppDelegate.m */ = {isa = PBXFileReference; lastKnownFileType = sourcecode.c.objc; path = NHDWAppDelegate.m; sourceTree = "<group>"; };
		12E22FF119CB786400ECC035 /* Base */ = {isa = PBXFileReference; lastKnownFileType = file.storyboard; name = Base; path = Base.lproj/Main_iPhone.storyboard; sourceTree = "<group>"; };
		12E22FF419CB786400ECC035 /* Base */ = {isa = PBXFileReference; lastKnownFileType = file.storyboard; name = Base; path = Base.lproj/Main_iPad.storyboard; sourceTree = "<group>"; };
		12E22FF619CB786400ECC035 /* NHDWViewController.h */ = {isa = PBXFileReference; lastKnownFileType = sourcecode.c.h; path = NHDWViewController.h; sourceTree = "<group>"; };
		12E22FF719CB786400ECC035 /* NHDWViewController.m */ = {isa = PBXFileReference; lastKnownFileType = sourcecode.c.objc; path = NHDWViewController.m; sourceTree = "<group>"; };
		12E22FF919CB786400ECC035 /* Images.xcassets */ = {isa = PBXFileReference; lastKnownFileType = folder.assetcatalog; path = Images.xcassets; sourceTree = "<group>"; };
		12E22FFF19CB786400ECC035 /* Git TestTests.xctest */ = {isa = PBXFileReference; explicitFileType = wrapper.cfbundle; includeInIndex = 0; path = "Git TestTests.xctest"; sourceTree = BUILT_PRODUCTS_DIR; };
		12E2300019CB786400ECC035 /* XCTest.framework */ = {isa = PBXFileReference; lastKnownFileType = wrapper.framework; name = XCTest.framework; path = Library/Frameworks/XCTest.framework; sourceTree = DEVELOPER_DIR; };
		12E2300819CB786500ECC035 /* Git TestTests-Info.plist */ = {isa = PBXFileReference; lastKnownFileType = text.plist.xml; path = "Git TestTests-Info.plist"; sourceTree = "<group>"; };
		12E2300A19CB786500ECC035 /* en */ = {isa = PBXFileReference; lastKnownFileType = text.plist.strings; name = en; path = en.lproj/InfoPlist.strings; sourceTree = "<group>"; };
		12E2300C19CB786500ECC035 /* Git_TestTests.m */ = {isa = PBXFileReference; lastKnownFileType = sourcecode.c.objc; path = Git_TestTests.m; sourceTree = "<group>"; };
		12E2301919CB8C9B00ECC035 /* NHDWTest.h */ = {isa = PBXFileReference; fileEncoding = 4; lastKnownFileType = sourcecode.c.h; path = NHDWTest.h; sourceTree = "<group>"; };
		12E2301A19CB8C9B00ECC035 /* NHDWTest.m */ = {isa = PBXFileReference; fileEncoding = 4; lastKnownFileType = sourcecode.c.objc; path = NHDWTest.m; sourceTree = "<group>"; };
/* End PBXFileReference section */

/* Begin PBXFrameworksBuildPhase section */
		12E22FD819CB786400ECC035 /* Frameworks */ = {
			isa = PBXFrameworksBuildPhase;
			buildActionMask = 2147483647;
			files = (
				12E22FE119CB786400ECC035 /* CoreGraphics.framework in Frameworks */,
				12E22FE319CB786400ECC035 /* UIKit.framework in Frameworks */,
				12E22FDF19CB786400ECC035 /* Foundation.framework in Frameworks */,
			);
			runOnlyForDeploymentPostprocessing = 0;
		};
		12E22FFC19CB786400ECC035 /* Frameworks */ = {
			isa = PBXFrameworksBuildPhase;
			buildActionMask = 2147483647;
			files = (
				12E2300119CB786400ECC035 /* XCTest.framework in Frameworks */,
				12E2300319CB786500ECC035 /* UIKit.framework in Frameworks */,
				12E2300219CB786400ECC035 /* Foundation.framework in Frameworks */,
			);
			runOnlyForDeploymentPostprocessing = 0;
		};
/* End PBXFrameworksBuildPhase section */

/* Begin PBXGroup section */
		12E22FD219CB786400ECC035 = {
			isa = PBXGroup;
			children = (
				12E22FE419CB786400ECC035 /* Git Test */,
				12E2300619CB786500ECC035 /* Git TestTests */,
				12E22FDD19CB786400ECC035 /* Frameworks */,
				12E22FDC19CB786400ECC035 /* Products */,
			);
			sourceTree = "<group>";
		};
		12E22FDC19CB786400ECC035 /* Products */ = {
			isa = PBXGroup;
			children = (
				12E22FDB19CB786400ECC035 /* Git Test.app */,
				12E22FFF19CB786400ECC035 /* Git TestTests.xctest */,
			);
			name = Products;
			sourceTree = "<group>";
		};
		12E22FDD19CB786400ECC035 /* Frameworks */ = {
			isa = PBXGroup;
			children = (
				12E22FDE19CB786400ECC035 /* Foundation.framework */,
				12E22FE019CB786400ECC035 /* CoreGraphics.framework */,
				12E22FE219CB786400ECC035 /* UIKit.framework */,
				12E2300019CB786400ECC035 /* XCTest.framework */,
			);
			name = Frameworks;
			sourceTree = "<group>";
		};
		12E22FE419CB786400ECC035 /* Git Test */ = {
			isa = PBXGroup;
			children = (
				12E22FED19CB786400ECC035 /* NHDWAppDelegate.h */,
				12E22FEE19CB786400ECC035 /* NHDWAppDelegate.m */,
				12E22FF019CB786400ECC035 /* Main_iPhone.storyboard */,
				12E22FF319CB786400ECC035 /* Main_iPad.storyboard */,
				12E22FF619CB786400ECC035 /* NHDWViewController.h */,
				12E22FF719CB786400ECC035 /* NHDWViewController.m */,
				12E2301919CB8C9B00ECC035 /* NHDWTest.h */,
				12E2301A19CB8C9B00ECC035 /* NHDWTest.m */,
				12E22FF919CB786400ECC035 /* Images.xcassets */,
				12E22FE519CB786400ECC035 /* Supporting Files */,
			);
			path = "Git Test";
			sourceTree = "<group>";
		};
		12E22FE519CB786400ECC035 /* Supporting Files */ = {
			isa = PBXGroup;
			children = (
				12E22FE619CB786400ECC035 /* Git Test-Info.plist */,
				12E22FE719CB786400ECC035 /* InfoPlist.strings */,
				12E22FEA19CB786400ECC035 /* main.m */,
				12E22FEC19CB786400ECC035 /* Git Test-Prefix.pch */,
			);
			name = "Supporting Files";
			sourceTree = "<group>";
		};
		12E2300619CB786500ECC035 /* Git TestTests */ = {
			isa = PBXGroup;
			children = (
				12E2300C19CB786500ECC035 /* Git_TestTests.m */,
				12E2300719CB786500ECC035 /* Supporting Files */,
			);
			path = "Git TestTests";
			sourceTree = "<group>";
		};
		12E2300719CB786500ECC035 /* Supporting Files */ = {
			isa = PBXGroup;
			children = (
				12E2300819CB786500ECC035 /* Git TestTests-Info.plist */,
				12E2300919CB786500ECC035 /* InfoPlist.strings */,
			);
			name = "Supporting Files";
			sourceTree = "<group>";
		};
/* End PBXGroup section */

/* Begin PBXNativeTarget section */
		12E22FDA19CB786400ECC035 /* Git Test */ = {
			isa = PBXNativeTarget;
			buildConfigurationList = 12E2301019CB786500ECC035 /* Build configuration list for PBXNativeTarget "Git Test" */;
			buildPhases = (
				12E22FD719CB786400ECC035 /* Sources */,
				12E22FD819CB786400ECC035 /* Frameworks */,
				12E22FD919CB786400ECC035 /* Resources */,
			);
			buildRules = (
			);
			dependencies = (
			);
			name = "Git Test";
			productName = "Git Test";
			productReference = 12E22FDB19CB786400ECC035 /* Git Test.app */;
			productType = "com.apple.product-type.application";
		};
		12E22FFE19CB786400ECC035 /* Git TestTests */ = {
			isa = PBXNativeTarget;
			buildConfigurationList = 12E2301319CB786500ECC035 /* Build configuration list for PBXNativeTarget "Git TestTests" */;
			buildPhases = (
				12E22FFB19CB786400ECC035 /* Sources */,
				12E22FFC19CB786400ECC035 /* Frameworks */,
				12E22FFD19CB786400ECC035 /* Resources */,
			);
			buildRules = (
			);
			dependencies = (
				12E2300519CB786500ECC035 /* PBXTargetDependency */,
			);
			name = "Git TestTests";
			productName = "Git TestTests";
			productReference = 12E22FFF19CB786400ECC035 /* Git TestTests.xctest */;
			productType = "com.apple.product-type.bundle.unit-test";
		};
/* End PBXNativeTarget section */

/* Begin PBXProject section */
		12E22FD319CB786400ECC035 /* Project object */ = {
			isa = PBXProject;
			attributes = {
				CLASSPREFIX = NHDW;
				LastUpgradeCheck = 0510;
				ORGANIZATIONNAME = "Nicholas Henry Dean Wakeford";
				TargetAttributes = {
					12E22FFE19CB786400ECC035 = {
						TestTargetID = 12E22FDA19CB786400ECC035;
					};
				};
			};
			buildConfigurationList = 12E22FD619CB786400ECC035 /* Build configuration list for PBXProject "Git Test" */;
			compatibilityVersion = "Xcode 3.2";
			developmentRegion = English;
			hasScannedForEncodings = 0;
			knownRegions = (
				en,
				Base,
			);
			mainGroup = 12E22FD219CB786400ECC035;
			productRefGroup = 12E22FDC19CB786400ECC035 /* Products */;
			projectDirPath = "";
			projectRoot = "";
			targets = (
				12E22FDA19CB786400ECC035 /* Git Test */,
				12E22FFE19CB786400ECC035 /* Git TestTests */,
			);
		};
/* End PBXProject section */

/* Begin PBXResourcesBuildPhase section */
		12E22FD919CB786400ECC035 /* Resources */ = {
			isa = PBXResourcesBuildPhase;
			buildActionMask = 2147483647;
			files = (
				12E22FF519CB786400ECC035 /* Main_iPad.storyboard in Resources */,
				12E22FFA19CB786400ECC035 /* Images.xcassets in Resources */,
				12E22FF219CB786400ECC035 /* Main_iPhone.storyboard in Resources */,
				12E22FE919CB786400ECC035 /* InfoPlist.strings in Resources */,
			);
			runOnlyForDeploymentPostprocessing = 0;
		};
		12E22FFD19CB786400ECC035 /* Resources */ = {
			isa = PBXResourcesBuildPhase;
			buildActionMask = 2147483647;
			files = (
				12E2300B19CB786500ECC035 /* InfoPlist.strings in Resources */,
			);
			runOnlyForDeploymentPostprocessing = 0;
		};
/* End PBXResourcesBuildPhase section */

/* Begin PBXSourcesBuildPhase section */
		12E22FD719CB786400ECC035 /* Sources */ = {
			isa = PBXSourcesBuildPhase;
			buildActionMask = 2147483647;
			files = (
				12E22FF819CB786400ECC035 /* NHDWViewController.m in Sources */,
				12E22FEB19CB786400ECC035 /* main.m in Sources */,
				12E2301B19CB8C9B00ECC035 /* NHDWTest.m in Sources */,
				12E22FEF19CB786400ECC035 /* NHDWAppDelegate.m in Sources */,
			);
			runOnlyForDeploymentPostprocessing = 0;
		};
		12E22FFB19CB786400ECC035 /* Sources */ = {
			isa = PBXSourcesBuildPhase;
			buildActionMask = 2147483647;
			files = (
				12E2300D19CB786500ECC035 /* Git_TestTests.m in Sources */,
			);
			runOnlyForDeploymentPostprocessing = 0;
		};
/* End PBXSourcesBuildPhase section */

/* Begin PBXTargetDependency section */
		12E2300519CB786500ECC035 /* PBXTargetDependency */ = {
			isa = PBXTargetDependency;
			target = 12E22FDA19CB786400ECC035 /* Git Test */;
			targetProxy = 12E2300419CB786500ECC035 /* PBXContainerItemProxy */;
		};
/* End PBXTargetDependency section */

/* Begin PBXVariantGroup section */
		12E22FE719CB786400ECC035 /* InfoPlist.strings */ = {
			isa = PBXVariantGroup;
			children = (
				12E22FE819CB786400ECC035 /* en */,
			);
			name = InfoPlist.strings;
			sourceTree = "<group>";
		};
		12E22FF019CB786400ECC035 /* Main_iPhone.storyboard */ = {
			isa = PBXVariantGroup;
			children = (
				12E22FF119CB786400ECC035 /* Base */,
			);
			name = Main_iPhone.storyboard;
			sourceTree = "<group>";
		};
		12E22FF319CB786400ECC035 /* Main_iPad.storyboard */ = {
			isa = PBXVariantGroup;
			children = (
				12E22FF419CB786400ECC035 /* Base */,
			);
			name = Main_iPad.storyboard;
			sourceTree = "<group>";
		};
		12E2300919CB786500ECC035 /* InfoPlist.strings */ = {
			isa = PBXVariantGroup;
			children = (
				12E2300A19CB786500ECC035 /* en */,
			);
			name = InfoPlist.strings;
			sourceTree = "<group>";
		};
/* End PBXVariantGroup section */

/* Begin XCBuildConfiguration section */
		12E2300E19CB786500ECC035 /* Debug */ = {
			isa = XCBuildConfiguration;
			buildSettings = {
				ALWAYS_SEARCH_USER_PATHS = NO;
				CLANG_CXX_LANGUAGE_STANDARD = "gnu++0x";
				CLANG_CXX_LIBRARY = "libc++";
				CLANG_ENABLE_MODULES = YES;
				CLANG_ENABLE_OBJC_ARC = YES;
				CLANG_WARN_BOOL_CONVERSION = YES;
				CLANG_WARN_CONSTANT_CONVERSION = YES;
				CLANG_WARN_DIRECT_OBJC_ISA_USAGE = YES_ERROR;
				CLANG_WARN_EMPTY_BODY = YES;
				CLANG_WARN_ENUM_CONVERSION = YES;
				CLANG_WARN_INT_CONVERSION = YES;
				CLANG_WARN_OBJC_ROOT_CLASS = YES_ERROR;
				CLANG_WARN__DUPLICATE_METHOD_MATCH = YES;
				"CODE_SIGN_IDENTITY[sdk=iphoneos*]" = "iPhone Developer";
				COPY_PHASE_STRIP = NO;
				GCC_C_LANGUAGE_STANDARD = gnu99;
				GCC_DYNAMIC_NO_PIC = NO;
				GCC_OPTIMIZATION_LEVEL = 0;
				GCC_PREPROCESSOR_DEFINITIONS = (
					"DEBUG=1",
					"$(inherited)",
				);
				GCC_SYMBOLS_PRIVATE_EXTERN = NO;
				GCC_WARN_64_TO_32_BIT_CONVERSION = YES;
				GCC_WARN_ABOUT_RETURN_TYPE = YES_ERROR;
				GCC_WARN_UNDECLARED_SELECTOR = YES;
				GCC_WARN_UNINITIALIZED_AUTOS = YES_AGGRESSIVE;
				GCC_WARN_UNUSED_FUNCTION = YES;
				GCC_WARN_UNUSED_VARIABLE = YES;
				IPHONEOS_DEPLOYMENT_TARGET = 7.1;
				ONLY_ACTIVE_ARCH = YES;
				SDKROOT = iphoneos;
				TARGETED_DEVICE_FAMILY = "1,2";
			};
			name = Debug;
		};
		12E2300F19CB786500ECC035 /* Release */ = {
			isa = XCBuildConfiguration;
			buildSettings = {
				ALWAYS_SEARCH_USER_PATHS = NO;
				CLANG_CXX_LANGUAGE_STANDARD = "gnu++0x";
				CLANG_CXX_LIBRARY = "libc++";
				CLANG_ENABLE_MODULES = YES;
				CLANG_ENABLE_OBJC_ARC = YES;
				CLANG_WARN_BOOL_CONVERSION = YES;
				CLANG_WARN_CONSTANT_CONVERSION = YES;
				CLANG_WARN_DIRECT_OBJC_ISA_USAGE = YES_ERROR;
				CLANG_WARN_EMPTY_BODY = YES;
				CLANG_WARN_ENUM_CONVERSION = YES;
				CLANG_WARN_INT_CONVERSION = YES;
				CLANG_WARN_OBJC_ROOT_CLASS = YES_ERROR;
				CLANG_WARN__DUPLICATE_METHOD_MATCH = YES;
				"CODE_SIGN_IDENTITY[sdk=iphoneos*]" = "iPhone Developer";
				COPY_PHASE_STRIP = YES;
				ENABLE_NS_ASSERTIONS = NO;
				GCC_C_LANGUAGE_STANDARD = gnu99;
				GCC_WARN_64_TO_32_BIT_CONVERSION = YES;
				GCC_WARN_ABOUT_RETURN_TYPE = YES_ERROR;
				GCC_WARN_UNDECLARED_SELECTOR = YES;
				GCC_WARN_UNINITIALIZED_AUTOS = YES_AGGRESSIVE;
				GCC_WARN_UNUSED_FUNCTION = YES;
				GCC_WARN_UNUSED_VARIABLE = YES;
				IPHONEOS_DEPLOYMENT_TARGET = 7.1;
				SDKROOT = iphoneos;
				TARGETED_DEVICE_FAMILY = "1,2";
				VALIDATE_PRODUCT = YES;
			};
			name = Release;
		};
		12E2301119CB786500ECC035 /* Debug */ = {
			isa = XCBuildConfiguration;
			buildSettings = {
				ASSETCATALOG_COMPILER_APPICON_NAME = AppIcon;
				ASSETCATALOG_COMPILER_LAUNCHIMAGE_NAME = LaunchImage;
				GCC_PRECOMPILE_PREFIX_HEADER = YES;
				GCC_PREFIX_HEADER = "Git Test/Git Test-Prefix.pch";
				INFOPLIST_FILE = "Git Test/Git Test-Info.plist";
				PRODUCT_NAME = "$(TARGET_NAME)";
				WRAPPER_EXTENSION = app;
			};
			name = Debug;
		};
		12E2301219CB786500ECC035 /* Release */ = {
			isa = XCBuildConfiguration;
			buildSettings = {
				ASSETCATALOG_COMPILER_APPICON_NAME = AppIcon;
				ASSETCATALOG_COMPILER_LAUNCHIMAGE_NAME = LaunchImage;
				GCC_PRECOMPILE_PREFIX_HEADER = YES;
				GCC_PREFIX_HEADER = "Git Test/Git Test-Prefix.pch";
				INFOPLIST_FILE = "Git Test/Git Test-Info.plist";
				PRODUCT_NAME = "$(TARGET_NAME)";
				WRAPPER_EXTENSION = app;
			};
			name = Release;
		};
		12E2301419CB786500ECC035 /* Debug */ = {
			isa = XCBuildConfiguration;
			buildSettings = {
				BUNDLE_LOADER = "$(BUILT_PRODUCTS_DIR)/Git Test.app/Git Test";
				FRAMEWORK_SEARCH_PATHS = (
					"$(SDKROOT)/Developer/Library/Frameworks",
					"$(inherited)",
					"$(DEVELOPER_FRAMEWORKS_DIR)",
				);
				GCC_PRECOMPILE_PREFIX_HEADER = YES;
				GCC_PREFIX_HEADER = "Git Test/Git Test-Prefix.pch";
				GCC_PREPROCESSOR_DEFINITIONS = (
					"DEBUG=1",
					"$(inherited)",
				);
				INFOPLIST_FILE = "Git TestTests/Git TestTests-Info.plist";
				PRODUCT_NAME = "$(TARGET_NAME)";
				TEST_HOST = "$(BUNDLE_LOADER)";
				WRAPPER_EXTENSION = xctest;
			};
			name = Debug;
		};
		12E2301519CB786500ECC035 /* Release */ = {
			isa = XCBuildConfiguration;
			buildSettings = {
				BUNDLE_LOADER = "$(BUILT_PRODUCTS_DIR)/Git Test.app/Git Test";
				FRAMEWORK_SEARCH_PATHS = (
					"$(SDKROOT)/Developer/Library/Frameworks",
					"$(inherited)",
					"$(DEVELOPER_FRAMEWORKS_DIR)",
				);
				GCC_PRECOMPILE_PREFIX_HEADER = YES;
				GCC_PREFIX_HEADER = "Git Test/Git Test-Prefix.pch";
				INFOPLIST_FILE = "Git TestTests/Git TestTests-Info.plist";
				PRODUCT_NAME = "$(TARGET_NAME)";
				TEST_HOST = "$(BUNDLE_LOADER)";
				WRAPPER_EXTENSION = xctest;
			};
			name = Release;
		};
/* End XCBuildConfiguration section */

/* Begin XCConfigurationList section */
		12E22FD619CB786400ECC035 /* Build configuration list for PBXProject "Git Test" */ = {
			isa = XCConfigurationList;
			buildConfigurations = (
				12E2300E19CB786500ECC035 /* Debug */,
				12E2300F19CB786500ECC035 /* Release */,
			);
			defaultConfigurationIsVisible = 0;
			defaultConfigurationName = Release;
		};
		12E2301019CB786500ECC035 /* Build configuration list for PBXNativeTarget "Git Test" */ = {
			isa = XCConfigurationList;
			buildConfigurations = (
				12E2301119CB786500ECC035 /* Debug */,
				12E2301219CB786500ECC035 /* Release */,
			);
			defaultConfigurationIsVisible = 0;
			defaultConfigurationName = Release;
		};
		12E2301319CB786500ECC035 /* Build configuration list for PBXNativeTarget "Git TestTests" */ = {
			isa = XCConfigurationList;
			buildConfigurations = (
				12E2301419CB786500ECC035 /* Debug */,
				12E2301519CB786500ECC035 /* Release */,
			);
			defaultConfigurationIsVisible = 0;
			defaultConfigurationName = Release;
		};
/* End XCConfigurationList section */
	};
	rootObject = 12E22FD319CB786400ECC035 /* Project object */;
}
